
Microsoft Visual Studio Solution File, Format Version 12.00
# Visual Studio Version 16
VisualStudioVersion = 16.0.29503.13
MinimumVisualStudioVersion = 10.0.40219.1
Project("{FAE04EC0-301F-11D3-BF4B-00C04F79EFBC}") = "JobsBoardCRUD", "JobsBoardCRUD.csproj", "{58470B40-E965-4A0F-92B8-6EE48C47541B}"
EndProject
Global
	GlobalSection(SolutionConfigurationPlatforms) = preSolution
		Debug|Any CPU = Debug|Any CPU
		Release|Any CPU = Release|Any CPU
	EndGlobalSection
	GlobalSection(ProjectConfigurationPlatforms) = postSolution
		{58470B40-E965-4A0F-92B8-6EE48C47541B}.Debug|Any CPU.ActiveCfg = Debug|Any CPU
		{58470B40-E965-4A0F-92B8-6EE48C47541B}.Debug|Any CPU.Build.0 = Debug|Any CPU
		{58470B40-E965-4A0F-92B8-6EE48C47541B}.Release|Any CPU.ActiveCfg = Release|Any CPU
		{58470B40-E965-4A0F-92B8-6EE48C47541B}.Release|Any CPU.Build.0 = Release|Any CPU
	EndGlobalSection
	GlobalSection(SolutionProperties) = preSolution
		HideSolutionNode = FALSE
	EndGlobalSection
	GlobalSection(ExtensibilityGlobals) = postSolution
		SolutionGuid = {497DED73-D61B-46A4-9777-D52DF28ED4DE}
	EndGlobalSection
EndGlobal
